// !$*UTF8*$!
{
	archiveVersion = 1;
	classes = {
	};
	objectVersion = 50;
	objects = {

/* Begin PBXBuildFile section */
		15287D5123D5508600F83651 /* AppDelegate.swift in Sources */ = {isa = PBXBuildFile; fileRef = 15287D5023D5508600F83651 /* AppDelegate.swift */; };
		15287D5323D5508600F83651 /* SceneDelegate.swift in Sources */ = {isa = PBXBuildFile; fileRef = 15287D5223D5508600F83651 /* SceneDelegate.swift */; };
		15287D5523D5508600F83651 /* ViewController.swift in Sources */ = {isa = PBXBuildFile; fileRef = 15287D5423D5508600F83651 /* ViewController.swift */; };
		15287D5823D5508600F83651 /* Main.storyboard in Resources */ = {isa = PBXBuildFile; fileRef = 15287D5623D5508600F83651 /* Main.storyboard */; };
		15287D5A23D5508800F83651 /* Assets.xcassets in Resources */ = {isa = PBXBuildFile; fileRef = 15287D5923D5508800F83651 /* Assets.xcassets */; };
		15287D5D23D5508800F83651 /* LaunchScreen.storyboard in Resources */ = {isa = PBXBuildFile; fileRef = 15287D5B23D5508800F83651 /* LaunchScreen.storyboard */; };
		15287D6523D5570500F83651 /* SendMessageTableViewCell.swift in Sources */ = {isa = PBXBuildFile; fileRef = 15287D6423D5570500F83651 /* SendMessageTableViewCell.swift */; };
		15287D6723D56C2600F83651 /* PaddingLabel.swift in Sources */ = {isa = PBXBuildFile; fileRef = 15287D6623D56C2600F83651 /* PaddingLabel.swift */; };
		15287D6923D6E49600F83651 /* ReceiveMessageTableViewCell.swift in Sources */ = {isa = PBXBuildFile; fileRef = 15287D6823D6E49600F83651 /* ReceiveMessageTableViewCell.swift */; };
/* End PBXBuildFile section */

/* Begin PBXFileReference section */
		15287D4D23D5508600F83651 /* Messenger_Gradient_Demo.app */ = {isa = PBXFileReference; explicitFileType = wrapper.application; includeInIndex = 0; path = Messenger_Gradient_Demo.app; sourceTree = BUILT_PRODUCTS_DIR; };
		15287D5023D5508600F83651 /* AppDelegate.swift */ = {isa = PBXFileReference; lastKnownFileType = sourcecode.swift; path = AppDelegate.swift; sourceTree = "<group>"; };
		15287D5223D5508600F83651 /* SceneDelegate.swift */ = {isa = PBXFileReference; lastKnownFileType = sourcecode.swift; path = SceneDelegate.swift; sourceTree = "<group>"; };
		15287D5423D5508600F83651 /* ViewController.swift */ = {isa = PBXFileReference; lastKnownFileType = sourcecode.swift; path = ViewController.swift; sourceTree = "<group>"; };
		15287D5723D5508600F83651 /* Base */ = {isa = PBXFileReference; lastKnownFileType = file.storyboard; name = Base; path = Base.lproj/Main.storyboard; sourceTree = "<group>"; };
		15287D5923D5508800F83651 /* Assets.xcassets */ = {isa = PBXFileReference; lastKnownFileType = folder.assetcatalog; path = Assets.xcassets; sourceTree = "<group>"; };
		15287D5C23D5508800F83651 /* Base */ = {isa = PBXFileReference; lastKnownFileType = file.storyboard; name = Base; path = Base.lproj/LaunchScreen.storyboard; sourceTree = "<group>"; };
		15287D5E23D5508800F83651 /* Info.plist */ = {isa = PBXFileReference; lastKnownFileType = text.plist.xml; path = Info.plist; sourceTree = "<group>"; };
		15287D6423D5570500F83651 /* SendMessageTableViewCell.swift */ = {isa = PBXFileReference; lastKnownFileType = sourcecode.swift; path = SendMessageTableViewCell.swift; sourceTree = "<group>"; };
		15287D6623D56C2600F83651 /* PaddingLabel.swift */ = {isa = PBXFileReference; lastKnownFileType = sourcecode.swift; path = PaddingLabel.swift; sourceTree = "<group>"; };
		15287D6823D6E49600F83651 /* ReceiveMessageTableViewCell.swift */ = {isa = PBXFileReference; lastKnownFileType = sourcecode.swift; path = ReceiveMessageTableViewCell.swift; sourceTree = "<group>"; };
/* End PBXFileReference section */

/* Begin PBXFrameworksBuildPhase section */
		15287D4A23D5508600F83651 /* Frameworks */ = {
			isa = PBXFrameworksBuildPhase;
			buildActionMask = 2147483647;
			files = (
			);
			runOnlyForDeploymentPostprocessing = 0;
		};
/* End PBXFrameworksBuildPhase section */

/* Begin PBXGroup section */
		15287D4423D5508600F83651 = {
			isa = PBXGroup;
			children = (
				15287D4F23D5508600F83651 /* Messenger_Gradient_Demo */,
				15287D4E23D5508600F83651 /* Products */,
			);
			sourceTree = "<group>";
		};
		15287D4E23D5508600F83651 /* Products */ = {
			isa = PBXGroup;
			children = (
				15287D4D23D5508600F83651 /* Messenger_Gradient_Demo.app */,
			);
			name = Products;
			sourceTree = "<group>";
		};
		15287D4F23D5508600F83651 /* Messenger_Gradient_Demo */ = {
			isa = PBXGroup;
			children = (
				15287D5023D5508600F83651 /* AppDelegate.swift */,
				15287D5223D5508600F83651 /* SceneDelegate.swift */,
				15287D5423D5508600F83651 /* ViewController.swift */,
				15287D6423D5570500F83651 /* SendMessageTableViewCell.swift */,
				15287D6823D6E49600F83651 /* ReceiveMessageTableViewCell.swift */,
				15287D6623D56C2600F83651 /* PaddingLabel.swift */,
				15287D5623D5508600F83651 /* Main.storyboard */,
				15287D5923D5508800F83651 /* Assets.xcassets */,
				15287D5B23D5508800F83651 /* LaunchScreen.storyboard */,
				15287D5E23D5508800F83651 /* Info.plist */,
			);
			path = Messenger_Gradient_Demo;
			sourceTree = "<group>";
		};
/* End PBXGroup section */

/* Begin PBXNativeTarget section */
		15287D4C23D5508600F83651 /* Messenger_Gradient_Demo */ = {
			isa = PBXNativeTarget;
			buildConfigurationList = 15287D6123D5508800F83651 /* Build configuration list for PBXNativeTarget "Messenger_Gradient_Demo" */;
			buildPhases = (
				15287D4923D5508600F83651 /* Sources */,
				15287D4A23D5508600F83651 /* Frameworks */,
				15287D4B23D5508600F83651 /* Resources */,
			);
			buildRules = (
			);
			dependencies = (
			);
			name = Messenger_Gradient_Demo;
			productName = Messenger_Gradient_Demo;
			productReference = 15287D4D23D5508600F83651 /* Messenger_Gradient_Demo.app */;
			productType = "com.apple.product-type.application";
		};
/* End PBXNativeTarget section */

/* Begin PBXProject section */
		15287D4523D5508600F83651 /* Project object */ = {
			isa = PBXProject;
			attributes = {
				LastSwiftUpdateCheck = 1130;
				LastUpgradeCheck = 1130;
				ORGANIZATIONNAME = Francis;
				TargetAttributes = {
					15287D4C23D5508600F83651 = {
						CreatedOnToolsVersion = 11.3.1;
					};
				};
			};
			buildConfigurationList = 15287D4823D5508600F83651 /* Build configuration list for PBXProject "Messenger_Gradient_Demo" */;
			compatibilityVersion = "Xcode 9.3";
			developmentRegion = en;
			hasScannedForEncodings = 0;
			knownRegions = (
				en,
				Base,
			);
			mainGroup = 15287D4423D5508600F83651;
			productRefGroup = 15287D4E23D5508600F83651 /* Products */;
			projectDirPath = "";
			projectRoot = "";
			targets = (
				15287D4C23D5508600F83651 /* Messenger_Gradient_Demo */,
			);
		};
/* End PBXProject section */

/* Begin PBXResourcesBuildPhase section */
		15287D4B23D5508600F83651 /* Resources */ = {
			isa = PBXResourcesBuildPhase;
			buildActionMask = 2147483647;
			files = (
				15287D5D23D5508800F83651 /* LaunchScreen.storyboard in Resources */,
				15287D5A23D5508800F83651 /* Assets.xcassets in Resources */,
				15287D5823D5508600F83651 /* Main.storyboard in Resources */,
			);
			runOnlyForDeploymentPostprocessing = 0;
		};
/* End PBXResourcesBuildPhase section */

/* Begin PBXSourcesBuildPhase section */
		15287D4923D5508600F83651 /* Sources */ = {
			isa = PBXSourcesBuildPhase;
			buildActionMask = 2147483647;
			files = (
				15287D5523D5508600F83651 /* ViewController.swift in Sources */,
				15287D6723D56C2600F83651 /* PaddingLabel.swift in Sources */,
				15287D6523D5570500F83651 /* SendMessageTableViewCell.swift in Sources */,
				15287D6923D6E49600F83651 /* ReceiveMessageTableViewCell.swift in Sources */,
				15287D5123D5508600F83651 /* AppDelegate.swift in Sources */,
				15287D5323D5508600F83651 /* SceneDelegate.swift in Sources */,
			);
			runOnlyForDeploymentPostprocessing = 0;
		};
/* End PBXSourcesBuildPhase section */

/* Begin PBXVariantGroup section */
		15287D5623D5508600F83651 /* Main.storyboard */ = {
			isa = PBXVariantGroup;
			children = (
				15287D5723D5508600F83651 /* Base */,
			);
			name = Main.storyboard;
			sourceTree = "<group>";
		};
		15287D5B23D5508800F83651 /* LaunchScreen.storyboard */ = {
			isa = PBXVariantGroup;
			children = (
				15287D5C23D5508800F83651 /* Base */,
			);
			name = LaunchScreen.storyboard;
			sourceTree = "<group>";
		};
/* End PBXVariantGroup section */

/* Begin XCBuildConfiguration section */
		15287D5F23D5508800F83651 /* Debug */ = {
			isa = XCBuildConfiguration;
			buildSettings = {
				ALWAYS_SEARCH_USER_PATHS = NO;
				CLANG_ANALYZER_NONNULL = YES;
				CLANG_ANALYZER_NUMBER_OBJECT_CONVERSION = YES_AGGRESSIVE;
				CLANG_CXX_LANGUAGE_STANDARD = "gnu++14";
				CLANG_CXX_LIBRARY = "libc++";
				CLANG_ENABLE_MODULES = YES;
				CLANG_ENABLE_OBJC_ARC = YES;
				CLANG_ENABLE_OBJC_WEAK = YES;
				CLANG_WARN_BLOCK_CAPTURE_AUTORELEASING = YES;
				CLANG_WARN_BOOL_CONVERSION = YES;
				CLANG_WARN_COMMA = YES;
				CLANG_WARN_CONSTANT_CONVERSION = YES;
				CLANG_WARN_DEPRECATED_OBJC_IMPLEMENTATIONS = YES;
				CLANG_WARN_DIRECT_OBJC_ISA_USAGE = YES_ERROR;
				CLANG_WARN_DOCUMENTATION_COMMENTS = YES;
				CLANG_WARN_EMPTY_BODY = YES;
				CLANG_WARN_ENUM_CONVERSION = YES;
				CLANG_WARN_INFINITE_RECURSION = YES;
				CLANG_WARN_INT_CONVERSION = YES;
				CLANG_WARN_NON_LITERAL_NULL_CONVERSION = YES;
				CLANG_WARN_OBJC_IMPLICIT_RETAIN_SELF = YES;
				CLANG_WARN_OBJC_LITERAL_CONVERSION = YES;
				CLANG_WARN_OBJC_ROOT_CLASS = YES_ERROR;
				CLANG_WARN_RANGE_LOOP_ANALYSIS = YES;
				CLANG_WARN_STRICT_PROTOTYPES = YES;
				CLANG_WARN_SUSPICIOUS_MOVE = YES;
				CLANG_WARN_UNGUARDED_AVAILABILITY = YES_AGGRESSIVE;
				CLANG_WARN_UNREACHABLE_CODE = YES;
				CLANG_WARN__DUPLICATE_METHOD_MATCH = YES;
				COPY_PHASE_STRIP = NO;
				DEBUG_INFORMATION_FORMAT = dwarf;
				ENABLE_STRICT_OBJC_MSGSEND = YES;
				ENABLE_TESTABILITY = YES;
				GCC_C_LANGUAGE_STANDARD = gnu11;
				GCC_DYNAMIC_NO_PIC = NO;
				GCC_NO_COMMON_BLOCKS = YES;
				GCC_OPTIMIZATION_LEVEL = 0;
				GCC_PREPROCESSOR_DEFINITIONS = (
					"DEBUG=1",
					"$(inherited)",
				);
				GCC_WARN_64_TO_32_BIT_CONVERSION = YES;
				GCC_WARN_ABOUT_RETURN_TYPE = YES_ERROR;
				GCC_WARN_UNDECLARED_SELECTOR = YES;
				GCC_WARN_UNINITIALIZED_AUTOS = YES_AGGRESSIVE;
				GCC_WARN_UNUSED_FUNCTION = YES;
				GCC_WARN_UNUSED_VARIABLE = YES;
				IPHONEOS_DEPLOYMENT_TARGET = 13.2;
				MTL_ENABLE_DEBUG_INFO = INCLUDE_SOURCE;
				MTL_FAST_MATH = YES;
				ONLY_ACTIVE_ARCH = YES;
				SDKROOT = iphoneos;
				SWIFT_ACTIVE_COMPILATION_CONDITIONS = DEBUG;
				SWIFT_OPTIMIZATION_LEVEL = "-Onone";
			};
			name = Debug;
		};
		15287D6023D5508800F83651 /* Release */ = {
			isa = XCBuildConfiguration;
			buildSettings = {
				ALWAYS_SEARCH_USER_PATHS = NO;
				CLANG_ANALYZER_NONNULL = YES;
				CLANG_ANALYZER_NUMBER_OBJECT_CONVERSION = YES_AGGRESSIVE;
				CLANG_CXX_LANGUAGE_STANDARD = "gnu++14";
				CLANG_CXX_LIBRARY = "libc++";
				CLANG_ENABLE_MODULES = YES;
				CLANG_ENABLE_OBJC_ARC = YES;
				CLANG_ENABLE_OBJC_WEAK = YES;
				CLANG_WARN_BLOCK_CAPTURE_AUTORELEASING = YES;
				CLANG_WARN_BOOL_CONVERSION = YES;
				CLANG_WARN_COMMA = YES;
				CLANG_WARN_CONSTANT_CONVERSION = YES;
				CLANG_WARN_DEPRECATED_OBJC_IMPLEMENTATIONS = YES;
				CLANG_WARN_DIRECT_OBJC_ISA_USAGE = YES_ERROR;
				CLANG_WARN_DOCUMENTATION_COMMENTS = YES;
				CLANG_WARN_EMPTY_BODY = YES;
				CLANG_WARN_ENUM_CONVERSION = YES;
				CLANG_WARN_INFINITE_RECURSION = YES;
				CLANG_WARN_INT_CONVERSION = YES;
				CLANG_WARN_NON_LITERAL_NULL_CONVERSION = YES;
				CLANG_WARN_OBJC_IMPLICIT_RETAIN_SELF = YES;
				CLANG_WARN_OBJC_LITERAL_CONVERSION = YES;
				CLANG_WARN_OBJC_ROOT_CLASS = YES_ERROR;
				CLANG_WARN_RANGE_LOOP_ANALYSIS = YES;
				CLANG_WARN_STRICT_PROTOTYPES = YES;
				CLANG_WARN_SUSPICIOUS_MOVE = YES;
				CLANG_WARN_UNGUARDED_AVAILABILITY = YES_AGGRESSIVE;
				CLANG_WARN_UNREACHABLE_CODE = YES;
				CLANG_WARN__DUPLICATE_METHOD_MATCH = YES;
				COPY_PHASE_STRIP = NO;
				DEBUG_INFORMATION_FORMAT = "dwarf-with-dsym";
				ENABLE_NS_ASSERTIONS = NO;
				ENABLE_STRICT_OBJC_MSGSEND = YES;
				GCC_C_LANGUAGE_STANDARD = gnu11;
				GCC_NO_COMMON_BLOCKS = YES;
				GCC_WARN_64_TO_32_BIT_CONVERSION = YES;
				GCC_WARN_ABOUT_RETURN_TYPE = YES_ERROR;
				GCC_WARN_UNDECLARED_SELECTOR = YES;
				GCC_WARN_UNINITIALIZED_AUTOS = YES_AGGRESSIVE;
				GCC_WARN_UNUSED_FUNCTION = YES;
				GCC_WARN_UNUSED_VARIABLE = YES;
				IPHONEOS_DEPLOYMENT_TARGET = 13.2;
				MTL_ENABLE_DEBUG_INFO = NO;
				MTL_FAST_MATH = YES;
				SDKROOT = iphoneos;
				SWIFT_COMPILATION_MODE = wholemodule;
				SWIFT_OPTIMIZATION_LEVEL = "-O";
				VALIDATE_PRODUCT = YES;
			};
			name = Release;
		};
		15287D6223D5508800F83651 /* Debug */ = {
			isa = XCBuildConfiguration;
			buildSettings = {
				ASSETCATALOG_COMPILER_APPICON_NAME = AppIcon;
				CODE_SIGN_STYLE = Automatic;
				DEVELOPMENT_TEAM = Y39UMX4A7K;
				INFOPLIST_FILE = Messenger_Gradient_Demo/Info.plist;
				LD_RUNPATH_SEARCH_PATHS = (
					"$(inherited)",
					"@executable_path/Frameworks",
				);
				PRODUCT_BUNDLE_IDENTIFIER = "pro.hancock.Messenger-Gradient-Demo";
				PRODUCT_NAME = "$(TARGET_NAME)";
				SWIFT_VERSION = 5.0;
				TARGETED_DEVICE_FAMILY = "1,2";
			};
			name = Debug;
		};
		15287D6323D5508800F83651 /* Release */ = {
			isa = XCBuildConfiguration;
			buildSettings = {
				ASSETCATALOG_COMPILER_APPICON_NAME = AppIcon;
				CODE_SIGN_STYLE = Automatic;
				DEVELOPMENT_TEAM = Y39UMX4A7K;
				INFOPLIST_FILE = Messenger_Gradient_Demo/Info.plist;
				LD_RUNPATH_SEARCH_PATHS = (
					"$(inherited)",
					"@executable_path/Frameworks",
				);
				PRODUCT_BUNDLE_IDENTIFIER = "pro.hancock.Messenger-Gradient-Demo";
				PRODUCT_NAME = "$(TARGET_NAME)";
				SWIFT_VERSION = 5.0;
				TARGETED_DEVICE_FAMILY = "1,2";
			};
			name = Release;
		};
/* End XCBuildConfiguration section */

/* Begin XCConfigurationList section */
		15287D4823D5508600F83651 /* Build configuration list for PBXProject "Messenger_Gradient_Demo" */ = {
			isa = XCConfigurationList;
			buildConfigurations = (
				15287D5F23D5508800F83651 /* Debug */,
				15287D6023D5508800F83651 /* Release */,
			);
			defaultConfigurationIsVisible = 0;
			defaultConfigurationName = Release;
		};
		15287D6123D5508800F83651 /* Build configuration list for PBXNativeTarget "Messenger_Gradient_Demo" */ = {
			isa = XCConfigurationList;
			buildConfigurations = (
				15287D6223D5508800F83651 /* Debug */,
				15287D6323D5508800F83651 /* Release */,
			);
			defaultConfigurationIsVisible = 0;
			defaultConfigurationName = Release;
		};
/* End XCConfigurationList section */
	};
	rootObject = 15287D4523D5508600F83651 /* Project object */;
}
